
Microsoft Visual Studio Solution File, Format Version 12.00
# Visual Studio Version 16
VisualStudioVersion = 16.0.30309.148
MinimumVisualStudioVersion = 10.0.40219.1
Project("{FAE04EC0-301F-11D3-BF4B-00C04F79EFBC}") = "SistemaSSAdvogados", "SistemaSSAdvogados\SistemaSSAdvogados.csproj", "{6E854950-A2A2-4C36-BC07-029D718C9CEC}"
EndProject
Project("{FAE04EC0-301F-11D3-BF4B-00C04F79EFBC}") = "SistemaSSAdvogados.Validacoes", "SistemaSSAdvogados.Validacoes\SistemaSSAdvogados.Validacoes.csproj", "{60D47406-7B7E-4116-8C6F-159ED89D59DD}"
EndProject
Global
	GlobalSection(SolutionConfigurationPlatforms) = preSolution
		Debug|Any CPU = Debug|Any CPU
		Release|Any CPU = Release|Any CPU
	EndGlobalSection
	GlobalSection(ProjectConfigurationPlatforms) = postSolution
		{6E854950-A2A2-4C36-BC07-029D718C9CEC}.Debug|Any CPU.ActiveCfg = Debug|Any CPU
		{6E854950-A2A2-4C36-BC07-029D718C9CEC}.Debug|Any CPU.Build.0 = Debug|Any CPU
		{6E854950-A2A2-4C36-BC07-029D718C9CEC}.Release|Any CPU.ActiveCfg = Release|Any CPU
		{6E854950-A2A2-4C36-BC07-029D718C9CEC}.Release|Any CPU.Build.0 = Release|Any CPU
		{60D47406-7B7E-4116-8C6F-159ED89D59DD}.Debug|Any CPU.ActiveCfg = Debug|Any CPU
		{60D47406-7B7E-4116-8C6F-159ED89D59DD}.Debug|Any CPU.Build.0 = Debug|Any CPU
		{60D47406-7B7E-4116-8C6F-159ED89D59DD}.Release|Any CPU.ActiveCfg = Release|Any CPU
		{60D47406-7B7E-4116-8C6F-159ED89D59DD}.Release|Any CPU.Build.0 = Release|Any CPU
	EndGlobalSection
	GlobalSection(SolutionProperties) = preSolution
		HideSolutionNode = FALSE
	EndGlobalSection
	GlobalSection(ExtensibilityGlobals) = postSolution
		SolutionGuid = {A91F91FD-EB84-4CE9-8BAC-CAB195F15214}
	EndGlobalSection
EndGlobal
